[[package]]
name = "antlr4-python3-runtime"
version = "4.9.3"
description = "ANTLR 4.9.3 runtime for Python 3.7"
category = "main"
optional = false
python-versions = "*"

[[package]]
name = "cachier"
version = "1.5.4"
description = "Persistent, stale-free, local and cross-machine caching for Python functions."
category = "main"
optional = false
python-versions = "*"

[package.dependencies]
pathtools = "*"
portalocker = "*"
watchdog = "*"

[package.extras]
test = ["pytest", "coverage", "pytest-cov", "birch", "pymongo", "dnspython", "pandas", "collective.checkdocs", "pygments"]

[[package]]
name = "certifi"
version = "2022.9.24"
description = "Python package for providing Mozilla's CA Bundle."
category = "main"
optional = false
python-versions = ">=3.6"

[[package]]
name = "cfgraph"
version = "0.2.1"
description = "rdflib collections flattening graph"
category = "main"
optional = false
python-versions = "*"

[package.dependencies]
rdflib = ">=0.4.2"

[[package]]
name = "chardet"
version = "5.0.0"
description = "Universal encoding detector for Python 3"
category = "main"
optional = false
python-versions = ">=3.6"

[[package]]
name = "charset-normalizer"
version = "2.1.1"
description = "The Real First Universal Charset Detector. Open, modern and actively maintained alternative to Chardet."
category = "main"
optional = false
python-versions = ">=3.6.0"

[package.extras]
unicode_backport = ["unicodedata2"]

[[package]]
name = "click"
version = "8.1.3"
description = "Composable command line interface toolkit"
category = "main"
optional = false
python-versions = ">=3.7"

[package.dependencies]
colorama = {version = "*", markers = "platform_system == \"Windows\""}

[[package]]
name = "colorama"
version = "0.4.6"
description = "Cross-platform colored terminal text."
category = "main"
optional = false
python-versions = "!=3.0.*,!=3.1.*,!=3.2.*,!=3.3.*,!=3.4.*,!=3.5.*,!=3.6.*,>=2.7"

[[package]]
name = "hbreader"
version = "0.9.1"
description = "Honey Badger reader - a generic file/url/string open and read tool"
category = "main"
optional = false
python-versions = ">=3.7"

[[package]]
name = "idna"
version = "3.4"
description = "Internationalized Domain Names in Applications (IDNA)"
category = "main"
optional = false
python-versions = ">=3.5"

[[package]]
name = "isodate"
version = "0.6.1"
description = "An ISO 8601 date/time/duration parser and formatter"
category = "main"
optional = false
python-versions = "*"

[package.dependencies]
six = "*"

[[package]]
name = "jsonasobj"
version = "2.0.1"
description = "JSON as python objects"
category = "main"
optional = false
python-versions = ">=3.6"

[package.dependencies]
hbreader = "*"

[[package]]
name = "pathtools"
version = "0.1.2"
description = "File system general utilities"
category = "main"
optional = false
python-versions = "*"

[[package]]
name = "portalocker"
version = "2.6.0"
description = "Wraps the portalocker recipe for easy usage"
category = "main"
optional = false
python-versions = ">=3.5"

[package.dependencies]
pywin32 = {version = ">=226", markers = "platform_system == \"Windows\""}

[package.extras]
docs = ["sphinx (>=1.7.1)"]
redis = ["redis"]
tests = ["pytest (>=5.4.1)", "pytest-cov (>=2.8.1)", "pytest-timeout (>=2.1.0)", "sphinx (>=3.0.3)", "pytest-mypy (>=0.8.0)", "redis"]

[[package]]
name = "pyjsg"
version = "0.11.10"
description = "Python JSON Schema Grammar interpreter"
category = "main"
optional = false
python-versions = "*"

[package.dependencies]
antlr4-python3-runtime = ">=4.9.3,<4.10.0"
jsonasobj = ">=1.2.1"

[[package]]
name = "pyparsing"
version = "3.0.9"
description = "pyparsing module - Classes and methods to define and execute parsing grammars"
category = "main"
optional = false
python-versions = ">=3.6.8"

[package.extras]
diagrams = ["railroad-diagrams", "jinja2"]

[[package]]
name = "pyshex"
version = "0.8.1"
description = "Python ShEx Implementation"
category = "main"
optional = false
python-versions = ">=3.6"

[package.dependencies]
cfgraph = ">=0.2.1"
chardet = "*"
pyshexc = "0.9.1"
rdflib-shim = "*"
requests = ">=2.22.0"
shexjsg = ">=0.8.2"
sparqlslurper = ">=0.5.1"
sparqlwrapper = ">=1.8.5"
urllib3 = "*"

[[package]]
name = "pyshexc"
version = "0.9.1"
description = "PyShExC - Python ShEx compiler"
category = "main"
optional = false
python-versions = ">=3.7"

[package.dependencies]
antlr4-python3-runtime = ">=4.9.3,<4.10.0"
chardet = "*"
jsonasobj = ">=1.2.1"
pyjsg = ">=0.11.10"
rdflib-shim = "*"
shexjsg = ">=0.8.1"

[[package]]
name = "pywin32"
version = "304"
description = "Python for Window Extensions"
category = "main"
optional = false
python-versions = "*"

[[package]]
name = "rdflib"
version = "6.2.0"
description = "RDFLib is a Python library for working with RDF, a simple yet powerful language for representing information."
category = "main"
optional = false
python-versions = ">=3.7"

[package.dependencies]
isodate = "*"
pyparsing = "*"

[package.extras]
berkeleydb = ["berkeleydb"]
dev = ["black (==22.6.0)", "flake8", "isort", "mypy", "pep8-naming", "types-setuptools", "flakeheaven"]
docs = ["myst-parser", "sphinx (<6)", "sphinxcontrib-apidoc", "sphinxcontrib-kroki", "sphinx-autodoc-typehints"]
html = ["html5lib"]
networkx = ["networkx"]
tests = ["html5lib", "pytest", "pytest-cov"]

[[package]]
name = "rdflib-jsonld"
version = "0.6.1"
description = "rdflib extension adding JSON-LD parser and serializer"
category = "main"
optional = false
python-versions = "*"

[package.dependencies]
rdflib = ">=5.0.0"

[[package]]
name = "rdflib-shim"
version = "1.0.3"
description = "Shim for rdflib 5 and 6 incompatibilities"
category = "main"
optional = false
python-versions = ">=3.7"

[package.dependencies]
rdflib = ">=5.0.0"
rdflib-jsonld = "0.6.1"

[[package]]
name = "requests"
version = "2.28.1"
description = "Python HTTP for Humans."
category = "main"
optional = false
python-versions = ">=3.7, <4"

[package.dependencies]
certifi = ">=2017.4.17"
charset-normalizer = ">=2,<3"
idna = ">=2.5,<4"
urllib3 = ">=1.21.1,<1.27"

[package.extras]
socks = ["PySocks (>=1.5.6,!=1.5.7)"]
use_chardet_on_py3 = ["chardet (>=3.0.2,<6)"]

[[package]]
name = "shexjsg"
version = "0.8.2"
description = "ShExJSG - Astract Syntax Tree for the ShEx 2.0 language"
category = "main"
optional = false
python-versions = "*"

[package.dependencies]
pyjsg = ">=0.11.10"

[[package]]
name = "six"
version = "1.16.0"
description = "Python 2 and 3 compatibility utilities"
category = "main"
optional = false
python-versions = ">=2.7, !=3.0.*, !=3.1.*, !=3.2.*"

[[package]]
name = "sparqlslurper"
version = "0.5.1"
description = "SPARQL Slurper for rdflib"
category = "main"
optional = false
python-versions = ">=3.7.4"

[package.dependencies]
rdflib = ">=5.0.0"
rdflib-shim = "*"
sparqlwrapper = ">=1.8.2"

[[package]]
name = "sparqlwrapper"
version = "2.0.0"
description = "SPARQL Endpoint interface to Python"
category = "main"
optional = false
python-versions = ">=3.7"

[package.dependencies]
rdflib = ">=6.1.1"

[package.extras]
dev = ["setuptools (>=3.7.1)", "mypy (>=0.931)", "pandas (>=1.3.5)", "pandas-stubs (>=1.2.0.48)"]
docs = ["sphinx (<5)", "sphinx-rtd-theme"]
keepalive = ["keepalive (>=0.5)"]
pandas = ["pandas (>=1.3.5)"]

[[package]]
name = "urllib3"
version = "1.26.12"
description = "HTTP library with thread-safe connection pooling, file post, and more."
category = "main"
optional = false
python-versions = ">=2.7, !=3.0.*, !=3.1.*, !=3.2.*, !=3.3.*, !=3.4.*, !=3.5.*, <4"

[package.extras]
brotli = ["brotlicffi (>=0.8.0)", "brotli (>=1.0.9)", "brotlipy (>=0.6.0)"]
secure = ["pyOpenSSL (>=0.14)", "cryptography (>=1.3.4)", "idna (>=2.0.0)", "certifi", "urllib3-secure-extra", "ipaddress"]
socks = ["PySocks (>=1.5.6,!=1.5.7,<2.0)"]

[[package]]
name = "watchdog"
version = "2.1.9"
description = "Filesystem events monitoring"
category = "main"
optional = false
python-versions = ">=3.6"

[package.extras]
watchmedo = ["PyYAML (>=3.10)"]

[metadata]
lock-version = "1.1"
python-versions = "^3.9"
content-hash = "025b6b7707c86088fc98e6ca83e8c22eb1783e625ac21752e7ed419f01ba55cb"

[metadata.files]
antlr4-python3-runtime = [
    {file = "antlr4-python3-runtime-4.9.3.tar.gz", hash = "sha256:f224469b4168294902bb1efa80a8bf7855f24c99aef99cbefc1bcd3cce77881b"},
]
cachier = []
certifi = []
cfgraph = [
    {file = "CFGraph-0.2.1.tar.gz", hash = "sha256:b57fe7044a10b8ff65aa3a8a8ddc7d4cd77bf511b42e57289cd52cbc29f8fe74"},
]
chardet = [
    {file = "chardet-5.0.0-py3-none-any.whl", hash = "sha256:d3e64f022d254183001eccc5db4040520c0f23b1a3f33d6413e099eb7f126557"},
    {file = "chardet-5.0.0.tar.gz", hash = "sha256:0368df2bfd78b5fc20572bb4e9bb7fb53e2c094f60ae9993339e8671d0afb8aa"},
]
charset-normalizer = []
click = [
    {file = "click-8.1.3-py3-none-any.whl", hash = "sha256:bb4d8133cb15a609f44e8213d9b391b0809795062913b383c62be0ee95b1db48"},
    {file = "click-8.1.3.tar.gz", hash = "sha256:7682dc8afb30297001674575ea00d1814d808d6a36af415a82bd481d37ba7b8e"},
]
colorama = []
hbreader = [
    {file = "hbreader-0.9.1-py3-none-any.whl", hash = "sha256:9a6e76c9d1afc1b977374a5dc430a1ebb0ea0488205546d4678d6e31cc5f6801"},
    {file = "hbreader-0.9.1.tar.gz", hash = "sha256:d2c132f8ba6276d794c66224c3297cec25c8079d0a4cf019c061611e0a3b94fa"},
]
idna = []
isodate = [
    {file = "isodate-0.6.1-py2.py3-none-any.whl", hash = "sha256:0751eece944162659049d35f4f549ed815792b38793f07cf73381c1c87cbed96"},
    {file = "isodate-0.6.1.tar.gz", hash = "sha256:48c5881de7e8b0a0d648cb024c8062dc84e7b840ed81e864c7614fd3c127bde9"},
]
jsonasobj = [
    {file = "jsonasobj-2.0.1-py3-none-any.whl", hash = "sha256:221af946bbe4171505e81ea1f0c31d652e69c68e02fff742e37543abe08ff7d9"},
    {file = "jsonasobj-2.0.1.tar.gz", hash = "sha256:e87c47ec5ec3db65a212e15236fdefc38dd01bdcf563b0d53021095066cd5963"},
]
pathtools = []
portalocker = []
pyjsg = [
    {file = "PyJSG-0.11.10-py3-none-any.whl", hash = "sha256:10af60ff42219be7e85bf7f11c19b648715b0b29eb2ddbd269e87069a7c3f26d"},
    {file = "PyJSG-0.11.10.tar.gz", hash = "sha256:4bd6e3ff2833fa2b395bbe803a2d72a5f0bab5b7285bccd0da1a1bc0aee88bfa"},
]
pyparsing = [
    {file = "pyparsing-3.0.9-py3-none-any.whl", hash = "sha256:5026bae9a10eeaefb61dab2f09052b9f4307d44aee4eda64b309723d8d206bbc"},
    {file = "pyparsing-3.0.9.tar.gz", hash = "sha256:2b020ecf7d21b687f219b71ecad3631f644a47f01403fa1d1036b0c6416d70fb"},
]
pyshex = [
    {file = "PyShEx-0.8.1-py3-none-any.whl", hash = "sha256:6da1b10123e191abf8dcb6bf3e54aa3e1fcf771df5d1a0ed453217c8900c8e6a"},
    {file = "PyShEx-0.8.1.tar.gz", hash = "sha256:3c5c4d45fe27faaadae803cb008c41acf8ee784da7868b04fd84967e75be70d0"},
]
pyshexc = [
    {file = "PyShExC-0.9.1-py2.py3-none-any.whl", hash = "sha256:efc55ed5cb2453e9df569b03e282505e96bb06597934288f3b23dd980ef10028"},
    {file = "PyShExC-0.9.1.tar.gz", hash = "sha256:35a9975d4b9afeb20ef710fb6680871756381d0c39fbb5470b3b506581a304d3"},
]
pywin32 = [
    {file = "pywin32-304-cp310-cp310-win32.whl", hash = "sha256:3c7bacf5e24298c86314f03fa20e16558a4e4138fc34615d7de4070c23e65af3"},
    {file = "pywin32-304-cp310-cp310-win_amd64.whl", hash = "sha256:4f32145913a2447736dad62495199a8e280a77a0ca662daa2332acf849f0be48"},
    {file = "pywin32-304-cp310-cp310-win_arm64.whl", hash = "sha256:d3ee45adff48e0551d1aa60d2ec066fec006083b791f5c3527c40cd8aefac71f"},
    {file = "pywin32-304-cp311-cp311-win32.whl", hash = "sha256:30c53d6ce44c12a316a06c153ea74152d3b1342610f1b99d40ba2795e5af0269"},
    {file = "pywin32-304-cp311-cp311-win_amd64.whl", hash = "sha256:7ffa0c0fa4ae4077e8b8aa73800540ef8c24530057768c3ac57c609f99a14fd4"},
    {file = "pywin32-304-cp311-cp311-win_arm64.whl", hash = "sha256:cbbe34dad39bdbaa2889a424d28752f1b4971939b14b1bb48cbf0182a3bcfc43"},
    {file = "pywin32-304-cp36-cp36m-win32.whl", hash = "sha256:be253e7b14bc601718f014d2832e4c18a5b023cbe72db826da63df76b77507a1"},
    {file = "pywin32-304-cp36-cp36m-win_amd64.whl", hash = "sha256:de9827c23321dcf43d2f288f09f3b6d772fee11e809015bdae9e69fe13213988"},
    {file = "pywin32-304-cp37-cp37m-win32.whl", hash = "sha256:f64c0377cf01b61bd5e76c25e1480ca8ab3b73f0c4add50538d332afdf8f69c5"},
    {file = "pywin32-304-cp37-cp37m-win_amd64.whl", hash = "sha256:bb2ea2aa81e96eee6a6b79d87e1d1648d3f8b87f9a64499e0b92b30d141e76df"},
    {file = "pywin32-304-cp38-cp38-win32.whl", hash = "sha256:94037b5259701988954931333aafd39cf897e990852115656b014ce72e052e96"},
    {file = "pywin32-304-cp38-cp38-win_amd64.whl", hash = "sha256:ead865a2e179b30fb717831f73cf4373401fc62fbc3455a0889a7ddac848f83e"},
    {file = "pywin32-304-cp39-cp39-win32.whl", hash = "sha256:25746d841201fd9f96b648a248f731c1dec851c9a08b8e33da8b56148e4c65cc"},
    {file = "pywin32-304-cp39-cp39-win_amd64.whl", hash = "sha256:d24a3382f013b21aa24a5cfbfad5a2cd9926610c0affde3e8ab5b3d7dbcf4ac9"},
]
rdflib = []
rdflib-jsonld = [
    {file = "rdflib-jsonld-0.6.1.tar.gz", hash = "sha256:eda5a42a2e09f80d4da78e32b5c684bccdf275368f1541e6b7bcddfb1382a0e0"},
    {file = "rdflib_jsonld-0.6.1-py2.py3-none-any.whl", hash = "sha256:bcf84317e947a661bae0a3f2aee1eced697075fc4ac4db6065a3340ea0f10fc2"},
]
rdflib-shim = [
    {file = "rdflib_shim-1.0.3-py3-none-any.whl", hash = "sha256:7a853e7750ef1e9bf4e35dea27d54e02d4ed087de5a9e0c329c4a6d82d647081"},
    {file = "rdflib_shim-1.0.3.tar.gz", hash = "sha256:d955d11e2986aab42b6830ca56ac6bc9c893abd1d049a161c6de2f1b99d4fc0d"},
]
requests = [
    {file = "requests-2.28.1-py3-none-any.whl", hash = "sha256:8fefa2a1a1365bf5520aac41836fbee479da67864514bdb821f31ce07ce65349"},
    {file = "requests-2.28.1.tar.gz", hash = "sha256:7c5599b102feddaa661c826c56ab4fee28bfd17f5abca1ebbe3e7f19d7c97983"},
]
shexjsg = [
    {file = "ShExJSG-0.8.2-py2.py3-none-any.whl", hash = "sha256:3b0d8432dd313bee9e1343382c5e02e9908dd941a7dd7342bf8c0200fe523766"},
    {file = "ShExJSG-0.8.2.tar.gz", hash = "sha256:f17a629fc577fa344382bdee143cd9ff86588537f9f811f66cea6f63cdbcd0b6"},
]
six = [
    {file = "six-1.16.0-py2.py3-none-any.whl", hash = "sha256:8abb2f1d86890a2dfb989f9a77cfcfd3e47c2a354b01111771326f8aa26e0254"},
    {file = "six-1.16.0.tar.gz", hash = "sha256:1e61c37477a1626458e36f7b1d82aa5c9b094fa4802892072e49de9c60c4c926"},
]
sparqlslurper = [
    {file = "sparqlslurper-0.5.1-py3-none-any.whl", hash = "sha256:ae49b2d8ce3dd38df7a40465b228ad5d33fb7e11b3f248d195f9cadfc9cfff87"},
    {file = "sparqlslurper-0.5.1.tar.gz", hash = "sha256:9282ebb064fc6152a58269d194cb1e7b275b0f095425a578d75b96dcc851f546"},
]
sparqlwrapper = [
    {file = "SPARQLWrapper-2.0.0-py3-none-any.whl", hash = "sha256:c99a7204fff676ee28e6acef327dc1ff8451c6f7217dcd8d49e8872f324a8a20"},
    {file = "SPARQLWrapper-2.0.0.tar.gz", hash = "sha256:3fed3ebcc77617a4a74d2644b86fd88e0f32e7f7003ac7b2b334c026201731f1"},
]
urllib3 = []
watchdog = [
    {file = "watchdog-2.1.9-cp310-cp310-macosx_10_9_universal2.whl", hash = "sha256:a735a990a1095f75ca4f36ea2ef2752c99e6ee997c46b0de507ba40a09bf7330"},
    {file = "watchdog-2.1.9-cp310-cp310-macosx_10_9_x86_64.whl", hash = "sha256:6b17d302850c8d412784d9246cfe8d7e3af6bcd45f958abb2d08a6f8bedf695d"},
    {file = "watchdog-2.1.9-cp310-cp310-macosx_11_0_arm64.whl", hash = "sha256:ee3e38a6cc050a8830089f79cbec8a3878ec2fe5160cdb2dc8ccb6def8552658"},
    {file = "watchdog-2.1.9-cp36-cp36m-macosx_10_9_x86_64.whl", hash = "sha256:64a27aed691408a6abd83394b38503e8176f69031ca25d64131d8d640a307591"},
    {file = "watchdog-2.1.9-cp37-cp37m-macosx_10_9_x86_64.whl", hash = "sha256:195fc70c6e41237362ba720e9aaf394f8178bfc7fa68207f112d108edef1af33"},
    {file = "watchdog-2.1.9-cp38-cp38-macosx_10_9_universal2.whl", hash = "sha256:bfc4d351e6348d6ec51df007432e6fe80adb53fd41183716017026af03427846"},
    {file = "watchdog-2.1.9-cp38-cp38-macosx_10_9_x86_64.whl", hash = "sha256:8250546a98388cbc00c3ee3cc5cf96799b5a595270dfcfa855491a64b86ef8c3"},
    {file = "watchdog-2.1.9-cp38-cp38-macosx_11_0_arm64.whl", hash = "sha256:117ffc6ec261639a0209a3252546b12800670d4bf5f84fbd355957a0595fe654"},
    {file = "watchdog-2.1.9-cp39-cp39-macosx_10_9_universal2.whl", hash = "sha256:97f9752208f5154e9e7b76acc8c4f5a58801b338de2af14e7e181ee3b28a5d39"},
    {file = "watchdog-2.1.9-cp39-cp39-macosx_10_9_x86_64.whl", hash = "sha256:247dcf1df956daa24828bfea5a138d0e7a7c98b1a47cf1fa5b0c3c16241fcbb7"},
    {file = "watchdog-2.1.9-cp39-cp39-macosx_11_0_arm64.whl", hash = "sha256:226b3c6c468ce72051a4c15a4cc2ef317c32590d82ba0b330403cafd98a62cfd"},
    {file = "watchdog-2.1.9-pp37-pypy37_pp73-macosx_10_9_x86_64.whl", hash = "sha256:d9820fe47c20c13e3c9dd544d3706a2a26c02b2b43c993b62fcd8011bcc0adb3"},
    {file = "watchdog-2.1.9-pp38-pypy38_pp73-macosx_10_9_x86_64.whl", hash = "sha256:70af927aa1613ded6a68089a9262a009fbdf819f46d09c1a908d4b36e1ba2b2d"},
    {file = "watchdog-2.1.9-pp39-pypy39_pp73-macosx_10_9_x86_64.whl", hash = "sha256:ed80a1628cee19f5cfc6bb74e173f1b4189eb532e705e2a13e3250312a62e0c9"},
    {file = "watchdog-2.1.9-py3-none-manylinux2014_aarch64.whl", hash = "sha256:9f05a5f7c12452f6a27203f76779ae3f46fa30f1dd833037ea8cbc2887c60213"},
    {file = "watchdog-2.1.9-py3-none-manylinux2014_armv7l.whl", hash = "sha256:255bb5758f7e89b1a13c05a5bceccec2219f8995a3a4c4d6968fe1de6a3b2892"},
    {file = "watchdog-2.1.9-py3-none-manylinux2014_i686.whl", hash = "sha256:d3dda00aca282b26194bdd0adec21e4c21e916956d972369359ba63ade616153"},
    {file = "watchdog-2.1.9-py3-none-manylinux2014_ppc64.whl", hash = "sha256:186f6c55abc5e03872ae14c2f294a153ec7292f807af99f57611acc8caa75306"},
    {file = "watchdog-2.1.9-py3-none-manylinux2014_ppc64le.whl", hash = "sha256:083171652584e1b8829581f965b9b7723ca5f9a2cd7e20271edf264cfd7c1412"},
    {file = "watchdog-2.1.9-py3-none-manylinux2014_s390x.whl", hash = "sha256:b530ae007a5f5d50b7fbba96634c7ee21abec70dc3e7f0233339c81943848dc1"},
    {file = "watchdog-2.1.9-py3-none-manylinux2014_x86_64.whl", hash = "sha256:4f4e1c4aa54fb86316a62a87b3378c025e228178d55481d30d857c6c438897d6"},
    {file = "watchdog-2.1.9-py3-none-win32.whl", hash = "sha256:5952135968519e2447a01875a6f5fc8c03190b24d14ee52b0f4b1682259520b1"},
    {file = "watchdog-2.1.9-py3-none-win_amd64.whl", hash = "sha256:7a833211f49143c3d336729b0020ffd1274078e94b0ae42e22f596999f50279c"},
    {file = "watchdog-2.1.9-py3-none-win_ia64.whl", hash = "sha256:ad576a565260d8f99d97f2e64b0f97a48228317095908568a9d5c786c829d428"},
    {file = "watchdog-2.1.9.tar.gz", hash = "sha256:43ce20ebb36a51f21fa376f76d1d4692452b2527ccd601950d69ed36b9e21609"},
]
